
Microsoft Visual Studio Solution File, Format Version 12.00
# Visual Studio Version 17
VisualStudioVersion = 17.5.33516.290
MinimumVisualStudioVersion = 10.0.40219.1
Project("{FAE04EC0-301F-11D3-BF4B-00C04F79EFBC}") = "DotNetStudy", "DotNetStudy\DotNetStudy.csproj", "{86A44618-96E2-44AD-95D0-79B043ADEC97}"
EndProject
Project("{FAE04EC0-301F-11D3-BF4B-00C04F79EFBC}") = "AbstractionStudy", "AbstractionStudy\AbstractionStudy.csproj", "{1D52644F-47EF-401A-86EE-EEF275AA4982}"
EndProject
Project("{FAE04EC0-301F-11D3-BF4B-00C04F79EFBC}") = "EncapsulationStudy", "EncapsulationStudy\EncapsulationStudy.csproj", "{AB568DB8-7160-4FD7-9462-1D3B223E0455}"
EndProject
Global
	GlobalSection(SolutionConfigurationPlatforms) = preSolution
		Debug|Any CPU = Debug|Any CPU
		Release|Any CPU = Release|Any CPU
	EndGlobalSection
	GlobalSection(ProjectConfigurationPlatforms) = postSolution
		{86A44618-96E2-44AD-95D0-79B043ADEC97}.Debug|Any CPU.ActiveCfg = Debug|Any CPU
		{86A44618-96E2-44AD-95D0-79B043ADEC97}.Debug|Any CPU.Build.0 = Debug|Any CPU
		{86A44618-96E2-44AD-95D0-79B043ADEC97}.Release|Any CPU.ActiveCfg = Release|Any CPU
		{86A44618-96E2-44AD-95D0-79B043ADEC97}.Release|Any CPU.Build.0 = Release|Any CPU
		{1D52644F-47EF-401A-86EE-EEF275AA4982}.Debug|Any CPU.ActiveCfg = Debug|Any CPU
		{1D52644F-47EF-401A-86EE-EEF275AA4982}.Debug|Any CPU.Build.0 = Debug|Any CPU
		{1D52644F-47EF-401A-86EE-EEF275AA4982}.Release|Any CPU.ActiveCfg = Release|Any CPU
		{1D52644F-47EF-401A-86EE-EEF275AA4982}.Release|Any CPU.Build.0 = Release|Any CPU
		{AB568DB8-7160-4FD7-9462-1D3B223E0455}.Debug|Any CPU.ActiveCfg = Debug|Any CPU
		{AB568DB8-7160-4FD7-9462-1D3B223E0455}.Debug|Any CPU.Build.0 = Debug|Any CPU
		{AB568DB8-7160-4FD7-9462-1D3B223E0455}.Release|Any CPU.ActiveCfg = Release|Any CPU
		{AB568DB8-7160-4FD7-9462-1D3B223E0455}.Release|Any CPU.Build.0 = Release|Any CPU
	EndGlobalSection
	GlobalSection(SolutionProperties) = preSolution
		HideSolutionNode = FALSE
	EndGlobalSection
	GlobalSection(ExtensibilityGlobals) = postSolution
		SolutionGuid = {AB6DB657-C00B-473E-82C0-2D90E92E5943}
	EndGlobalSection
EndGlobal
